// !$*UTF8*$!
{
	archiveVersion = 1;
	classes = {
	};
	objectVersion = 50;
	objects = {

/* Begin PBXBuildFile section */
		91DDFA1724A67CAB00BCC500 /* AppDelegate.swift in Sources */ = {isa = PBXBuildFile; fileRef = 91DDFA1624A67CAB00BCC500 /* AppDelegate.swift */; };
		91DDFA1924A67CAB00BCC500 /* SceneDelegate.swift in Sources */ = {isa = PBXBuildFile; fileRef = 91DDFA1824A67CAB00BCC500 /* SceneDelegate.swift */; };
		91DDFA1B24A67CAC00BCC500 /* MVVMViewController.swift in Sources */ = {isa = PBXBuildFile; fileRef = 91DDFA1A24A67CAC00BCC500 /* MVVMViewController.swift */; };
		91DDFA1E24A67CAC00BCC500 /* Main.storyboard in Resources */ = {isa = PBXBuildFile; fileRef = 91DDFA1C24A67CAC00BCC500 /* Main.storyboard */; };
		91DDFA2024A67CAE00BCC500 /* Assets.xcassets in Resources */ = {isa = PBXBuildFile; fileRef = 91DDFA1F24A67CAE00BCC500 /* Assets.xcassets */; };
		91DDFA2324A67CAE00BCC500 /* LaunchScreen.storyboard in Resources */ = {isa = PBXBuildFile; fileRef = 91DDFA2124A67CAE00BCC500 /* LaunchScreen.storyboard */; };
		91DDFA2B24A67CDD00BCC500 /* DogViewModel.swift in Sources */ = {isa = PBXBuildFile; fileRef = 91DDFA2A24A67CDD00BCC500 /* DogViewModel.swift */; };
		91DDFA2F24A67D5500BCC500 /* Dog.swift in Sources */ = {isa = PBXBuildFile; fileRef = 91DDFA2E24A67D5500BCC500 /* Dog.swift */; };
/* End PBXBuildFile section */

/* Begin PBXFileReference section */
		91DDFA1324A67CAB00BCC500 /* MVVMDemo.app */ = {isa = PBXFileReference; explicitFileType = wrapper.application; includeInIndex = 0; path = MVVMDemo.app; sourceTree = BUILT_PRODUCTS_DIR; };
		91DDFA1624A67CAB00BCC500 /* AppDelegate.swift */ = {isa = PBXFileReference; lastKnownFileType = sourcecode.swift; path = AppDelegate.swift; sourceTree = "<group>"; };
		91DDFA1824A67CAB00BCC500 /* SceneDelegate.swift */ = {isa = PBXFileReference; lastKnownFileType = sourcecode.swift; path = SceneDelegate.swift; sourceTree = "<group>"; };
		91DDFA1A24A67CAC00BCC500 /* MVVMViewController.swift */ = {isa = PBXFileReference; lastKnownFileType = sourcecode.swift; path = MVVMViewController.swift; sourceTree = "<group>"; };
		91DDFA1D24A67CAC00BCC500 /* Base */ = {isa = PBXFileReference; lastKnownFileType = file.storyboard; name = Base; path = Base.lproj/Main.storyboard; sourceTree = "<group>"; };
		91DDFA1F24A67CAE00BCC500 /* Assets.xcassets */ = {isa = PBXFileReference; lastKnownFileType = folder.assetcatalog; path = Assets.xcassets; sourceTree = "<group>"; };
		91DDFA2224A67CAE00BCC500 /* Base */ = {isa = PBXFileReference; lastKnownFileType = file.storyboard; name = Base; path = Base.lproj/LaunchScreen.storyboard; sourceTree = "<group>"; };
		91DDFA2424A67CAE00BCC500 /* Info.plist */ = {isa = PBXFileReference; lastKnownFileType = text.plist.xml; path = Info.plist; sourceTree = "<group>"; };
		91DDFA2A24A67CDD00BCC500 /* DogViewModel.swift */ = {isa = PBXFileReference; lastKnownFileType = sourcecode.swift; path = DogViewModel.swift; sourceTree = "<group>"; };
		91DDFA2E24A67D5500BCC500 /* Dog.swift */ = {isa = PBXFileReference; lastKnownFileType = sourcecode.swift; path = Dog.swift; sourceTree = "<group>"; };
/* End PBXFileReference section */

/* Begin PBXFrameworksBuildPhase section */
		91DDFA1024A67CAB00BCC500 /* Frameworks */ = {
			isa = PBXFrameworksBuildPhase;
			buildActionMask = 2147483647;
			files = (
			);
			runOnlyForDeploymentPostprocessing = 0;
		};
/* End PBXFrameworksBuildPhase section */

/* Begin PBXGroup section */
		91DDFA0A24A67CAB00BCC500 = {
			isa = PBXGroup;
			children = (
				91DDFA1524A67CAB00BCC500 /* MVVMDemo */,
				91DDFA1424A67CAB00BCC500 /* Products */,
			);
			sourceTree = "<group>";
		};
		91DDFA1424A67CAB00BCC500 /* Products */ = {
			isa = PBXGroup;
			children = (
				91DDFA1324A67CAB00BCC500 /* MVVMDemo.app */,
			);
			name = Products;
			sourceTree = "<group>";
		};
		91DDFA1524A67CAB00BCC500 /* MVVMDemo */ = {
			isa = PBXGroup;
			children = (
				91DDFA1624A67CAB00BCC500 /* AppDelegate.swift */,
				91DDFA1824A67CAB00BCC500 /* SceneDelegate.swift */,
				91DDFA3024A67F9A00BCC500 /* Model */,
				91DDFA3224A6809100BCC500 /* View */,
				91DDFA3124A6807000BCC500 /* ViewModel */,
				91DDFA1F24A67CAE00BCC500 /* Assets.xcassets */,
				91DDFA2124A67CAE00BCC500 /* LaunchScreen.storyboard */,
				91DDFA2424A67CAE00BCC500 /* Info.plist */,
			);
			path = MVVMDemo;
			sourceTree = "<group>";
		};
		91DDFA3024A67F9A00BCC500 /* Model */ = {
			isa = PBXGroup;
			children = (
				91DDFA2E24A67D5500BCC500 /* Dog.swift */,
			);
			path = Model;
			sourceTree = "<group>";
		};
		91DDFA3124A6807000BCC500 /* ViewModel */ = {
			isa = PBXGroup;
			children = (
				91DDFA2A24A67CDD00BCC500 /* DogViewModel.swift */,
			);
			path = ViewModel;
			sourceTree = "<group>";
		};
		91DDFA3224A6809100BCC500 /* View */ = {
			isa = PBXGroup;
			children = (
				91DDFA1C24A67CAC00BCC500 /* Main.storyboard */,
				91DDFA1A24A67CAC00BCC500 /* MVVMViewController.swift */,
			);
			path = View;
			sourceTree = "<group>";
		};
/* End PBXGroup section */

/* Begin PBXNativeTarget section */
		91DDFA1224A67CAB00BCC500 /* MVVMDemo */ = {
			isa = PBXNativeTarget;
			buildConfigurationList = 91DDFA2724A67CAE00BCC500 /* Build configuration list for PBXNativeTarget "MVVMDemo" */;
			buildPhases = (
				91DDFA0F24A67CAB00BCC500 /* Sources */,
				91DDFA1024A67CAB00BCC500 /* Frameworks */,
				91DDFA1124A67CAB00BCC500 /* Resources */,
			);
			buildRules = (
			);
			dependencies = (
			);
			name = MVVMDemo;
			productName = MVVMDemo;
			productReference = 91DDFA1324A67CAB00BCC500 /* MVVMDemo.app */;
			productType = "com.apple.product-type.application";
		};
/* End PBXNativeTarget section */

/* Begin PBXProject section */
		91DDFA0B24A67CAB00BCC500 /* Project object */ = {
			isa = PBXProject;
			attributes = {
				LastSwiftUpdateCheck = 1150;
				LastUpgradeCheck = 1150;
				ORGANIZATIONNAME = "Yasharth Saxena";
				TargetAttributes = {
					91DDFA1224A67CAB00BCC500 = {
						CreatedOnToolsVersion = 11.5;
					};
				};
			};
			buildConfigurationList = 91DDFA0E24A67CAB00BCC500 /* Build configuration list for PBXProject "MVVMDemo" */;
			compatibilityVersion = "Xcode 9.3";
			developmentRegion = en;
			hasScannedForEncodings = 0;
			knownRegions = (
				en,
				Base,
			);
			mainGroup = 91DDFA0A24A67CAB00BCC500;
			productRefGroup = 91DDFA1424A67CAB00BCC500 /* Products */;
			projectDirPath = "";
			projectRoot = "";
			targets = (
				91DDFA1224A67CAB00BCC500 /* MVVMDemo */,
			);
		};
/* End PBXProject section */

/* Begin PBXResourcesBuildPhase section */
		91DDFA1124A67CAB00BCC500 /* Resources */ = {
			isa = PBXResourcesBuildPhase;
			buildActionMask = 2147483647;
			files = (
				91DDFA2324A67CAE00BCC500 /* LaunchScreen.storyboard in Resources */,
				91DDFA2024A67CAE00BCC500 /* Assets.xcassets in Resources */,
				91DDFA1E24A67CAC00BCC500 /* Main.storyboard in Resources */,
			);
			runOnlyForDeploymentPostprocessing = 0;
		};
/* End PBXResourcesBuildPhase section */

/* Begin PBXSourcesBuildPhase section */
		91DDFA0F24A67CAB00BCC500 /* Sources */ = {
			isa = PBXSourcesBuildPhase;
			buildActionMask = 2147483647;
			files = (
				91DDFA1B24A67CAC00BCC500 /* MVVMViewController.swift in Sources */,
				91DDFA2F24A67D5500BCC500 /* Dog.swift in Sources */,
				91DDFA1724A67CAB00BCC500 /* AppDelegate.swift in Sources */,
				91DDFA1924A67CAB00BCC500 /* SceneDelegate.swift in Sources */,
				91DDFA2B24A67CDD00BCC500 /* DogViewModel.swift in Sources */,
			);
			runOnlyForDeploymentPostprocessing = 0;
		};
/* End PBXSourcesBuildPhase section */

/* Begin PBXVariantGroup section */
		91DDFA1C24A67CAC00BCC500 /* Main.storyboard */ = {
			isa = PBXVariantGroup;
			children = (
				91DDFA1D24A67CAC00BCC500 /* Base */,
			);
			name = Main.storyboard;
			sourceTree = "<group>";
		};
		91DDFA2124A67CAE00BCC500 /* LaunchScreen.storyboard */ = {
			isa = PBXVariantGroup;
			children = (
				91DDFA2224A67CAE00BCC500 /* Base */,
			);
			name = LaunchScreen.storyboard;
			sourceTree = "<group>";
		};
/* End PBXVariantGroup section */

/* Begin XCBuildConfiguration section */
		91DDFA2524A67CAE00BCC500 /* Debug */ = {
			isa = XCBuildConfiguration;
			buildSettings = {
				ALWAYS_SEARCH_USER_PATHS = NO;
				CLANG_ANALYZER_NONNULL = YES;
				CLANG_ANALYZER_NUMBER_OBJECT_CONVERSION = YES_AGGRESSIVE;
				CLANG_CXX_LANGUAGE_STANDARD = "gnu++14";
				CLANG_CXX_LIBRARY = "libc++";
				CLANG_ENABLE_MODULES = YES;
				CLANG_ENABLE_OBJC_ARC = YES;
				CLANG_ENABLE_OBJC_WEAK = YES;
				CLANG_WARN_BLOCK_CAPTURE_AUTORELEASING = YES;
				CLANG_WARN_BOOL_CONVERSION = YES;
				CLANG_WARN_COMMA = YES;
				CLANG_WARN_CONSTANT_CONVERSION = YES;
				CLANG_WARN_DEPRECATED_OBJC_IMPLEMENTATIONS = YES;
				CLANG_WARN_DIRECT_OBJC_ISA_USAGE = YES_ERROR;
				CLANG_WARN_DOCUMENTATION_COMMENTS = YES;
				CLANG_WARN_EMPTY_BODY = YES;
				CLANG_WARN_ENUM_CONVERSION = YES;
				CLANG_WARN_INFINITE_RECURSION = YES;
				CLANG_WARN_INT_CONVERSION = YES;
				CLANG_WARN_NON_LITERAL_NULL_CONVERSION = YES;
				CLANG_WARN_OBJC_IMPLICIT_RETAIN_SELF = YES;
				CLANG_WARN_OBJC_LITERAL_CONVERSION = YES;
				CLANG_WARN_OBJC_ROOT_CLASS = YES_ERROR;
				CLANG_WARN_RANGE_LOOP_ANALYSIS = YES;
				CLANG_WARN_STRICT_PROTOTYPES = YES;
				CLANG_WARN_SUSPICIOUS_MOVE = YES;
				CLANG_WARN_UNGUARDED_AVAILABILITY = YES_AGGRESSIVE;
				CLANG_WARN_UNREACHABLE_CODE = YES;
				CLANG_WARN__DUPLICATE_METHOD_MATCH = YES;
				COPY_PHASE_STRIP = NO;
				DEBUG_INFORMATION_FORMAT = dwarf;
				ENABLE_STRICT_OBJC_MSGSEND = YES;
				ENABLE_TESTABILITY = YES;
				GCC_C_LANGUAGE_STANDARD = gnu11;
				GCC_DYNAMIC_NO_PIC = NO;
				GCC_NO_COMMON_BLOCKS = YES;
				GCC_OPTIMIZATION_LEVEL = 0;
				GCC_PREPROCESSOR_DEFINITIONS = (
					"DEBUG=1",
					"$(inherited)",
				);
				GCC_WARN_64_TO_32_BIT_CONVERSION = YES;
				GCC_WARN_ABOUT_RETURN_TYPE = YES_ERROR;
				GCC_WARN_UNDECLARED_SELECTOR = YES;
				GCC_WARN_UNINITIALIZED_AUTOS = YES_AGGRESSIVE;
				GCC_WARN_UNUSED_FUNCTION = YES;
				GCC_WARN_UNUSED_VARIABLE = YES;
				IPHONEOS_DEPLOYMENT_TARGET = 13.5;
				MTL_ENABLE_DEBUG_INFO = INCLUDE_SOURCE;
				MTL_FAST_MATH = YES;
				ONLY_ACTIVE_ARCH = YES;
				SDKROOT = iphoneos;
				SWIFT_ACTIVE_COMPILATION_CONDITIONS = DEBUG;
				SWIFT_OPTIMIZATION_LEVEL = "-Onone";
			};
			name = Debug;
		};
		91DDFA2624A67CAE00BCC500 /* Release */ = {
			isa = XCBuildConfiguration;
			buildSettings = {
				ALWAYS_SEARCH_USER_PATHS = NO;
				CLANG_ANALYZER_NONNULL = YES;
				CLANG_ANALYZER_NUMBER_OBJECT_CONVERSION = YES_AGGRESSIVE;
				CLANG_CXX_LANGUAGE_STANDARD = "gnu++14";
				CLANG_CXX_LIBRARY = "libc++";
				CLANG_ENABLE_MODULES = YES;
				CLANG_ENABLE_OBJC_ARC = YES;
				CLANG_ENABLE_OBJC_WEAK = YES;
				CLANG_WARN_BLOCK_CAPTURE_AUTORELEASING = YES;
				CLANG_WARN_BOOL_CONVERSION = YES;
				CLANG_WARN_COMMA = YES;
				CLANG_WARN_CONSTANT_CONVERSION = YES;
				CLANG_WARN_DEPRECATED_OBJC_IMPLEMENTATIONS = YES;
				CLANG_WARN_DIRECT_OBJC_ISA_USAGE = YES_ERROR;
				CLANG_WARN_DOCUMENTATION_COMMENTS = YES;
				CLANG_WARN_EMPTY_BODY = YES;
				CLANG_WARN_ENUM_CONVERSION = YES;
				CLANG_WARN_INFINITE_RECURSION = YES;
				CLANG_WARN_INT_CONVERSION = YES;
				CLANG_WARN_NON_LITERAL_NULL_CONVERSION = YES;
				CLANG_WARN_OBJC_IMPLICIT_RETAIN_SELF = YES;
				CLANG_WARN_OBJC_LITERAL_CONVERSION = YES;
				CLANG_WARN_OBJC_ROOT_CLASS = YES_ERROR;
				CLANG_WARN_RANGE_LOOP_ANALYSIS = YES;
				CLANG_WARN_STRICT_PROTOTYPES = YES;
				CLANG_WARN_SUSPICIOUS_MOVE = YES;
				CLANG_WARN_UNGUARDED_AVAILABILITY = YES_AGGRESSIVE;
				CLANG_WARN_UNREACHABLE_CODE = YES;
				CLANG_WARN__DUPLICATE_METHOD_MATCH = YES;
				COPY_PHASE_STRIP = NO;
				DEBUG_INFORMATION_FORMAT = "dwarf-with-dsym";
				ENABLE_NS_ASSERTIONS = NO;
				ENABLE_STRICT_OBJC_MSGSEND = YES;
				GCC_C_LANGUAGE_STANDARD = gnu11;
				GCC_NO_COMMON_BLOCKS = YES;
				GCC_WARN_64_TO_32_BIT_CONVERSION = YES;
				GCC_WARN_ABOUT_RETURN_TYPE = YES_ERROR;
				GCC_WARN_UNDECLARED_SELECTOR = YES;
				GCC_WARN_UNINITIALIZED_AUTOS = YES_AGGRESSIVE;
				GCC_WARN_UNUSED_FUNCTION = YES;
				GCC_WARN_UNUSED_VARIABLE = YES;
				IPHONEOS_DEPLOYMENT_TARGET = 13.5;
				MTL_ENABLE_DEBUG_INFO = NO;
				MTL_FAST_MATH = YES;
				SDKROOT = iphoneos;
				SWIFT_COMPILATION_MODE = wholemodule;
				SWIFT_OPTIMIZATION_LEVEL = "-O";
				VALIDATE_PRODUCT = YES;
			};
			name = Release;
		};
		91DDFA2824A67CAE00BCC500 /* Debug */ = {
			isa = XCBuildConfiguration;
			buildSettings = {
				ASSETCATALOG_COMPILER_APPICON_NAME = AppIcon;
				CODE_SIGN_STYLE = Automatic;
				INFOPLIST_FILE = MVVMDemo/Info.plist;
				LD_RUNPATH_SEARCH_PATHS = (
					"$(inherited)",
					"@executable_path/Frameworks",
				);
				PRODUCT_BUNDLE_IDENTIFIER = com.yasharth.MVVMDemo;
				PRODUCT_NAME = "$(TARGET_NAME)";
				SWIFT_VERSION = 5.0;
				TARGETED_DEVICE_FAMILY = "1,2";
			};
			name = Debug;
		};
		91DDFA2924A67CAE00BCC500 /* Release */ = {
			isa = XCBuildConfiguration;
			buildSettings = {
				ASSETCATALOG_COMPILER_APPICON_NAME = AppIcon;
				CODE_SIGN_STYLE = Automatic;
				INFOPLIST_FILE = MVVMDemo/Info.plist;
				LD_RUNPATH_SEARCH_PATHS = (
					"$(inherited)",
					"@executable_path/Frameworks",
				);
				PRODUCT_BUNDLE_IDENTIFIER = com.yasharth.MVVMDemo;
				PRODUCT_NAME = "$(TARGET_NAME)";
				SWIFT_VERSION = 5.0;
				TARGETED_DEVICE_FAMILY = "1,2";
			};
			name = Release;
		};
/* End XCBuildConfiguration section */

/* Begin XCConfigurationList section */
		91DDFA0E24A67CAB00BCC500 /* Build configuration list for PBXProject "MVVMDemo" */ = {
			isa = XCConfigurationList;
			buildConfigurations = (
				91DDFA2524A67CAE00BCC500 /* Debug */,
				91DDFA2624A67CAE00BCC500 /* Release */,
			);
			defaultConfigurationIsVisible = 0;
			defaultConfigurationName = Release;
		};
		91DDFA2724A67CAE00BCC500 /* Build configuration list for PBXNativeTarget "MVVMDemo" */ = {
			isa = XCConfigurationList;
			buildConfigurations = (
				91DDFA2824A67CAE00BCC500 /* Debug */,
				91DDFA2924A67CAE00BCC500 /* Release */,
			);
			defaultConfigurationIsVisible = 0;
			defaultConfigurationName = Release;
		};
/* End XCConfigurationList section */
	};
	rootObject = 91DDFA0B24A67CAB00BCC500 /* Project object */;
}
