// !$*UTF8*$!
{
	archiveVersion = 1;
	classes = {
	};
	objectVersion = 51;
	objects = {

/* Begin PBXBuildFile section */
		9073043FC8D8100A56315974 /* Pods_SomethingWithMVVM.framework in Frameworks */ = {isa = PBXBuildFile; fileRef = 060531565D7F3EC62FEAFA7C /* Pods_SomethingWithMVVM.framework */; };
		914F777124AB85DA00995BFD /* ViewModel.swift in Sources */ = {isa = PBXBuildFile; fileRef = 914F777024AB85DA00995BFD /* ViewModel.swift */; };
		91A2F4E524AA00CA00F40EA1 /* AppDelegate.swift in Sources */ = {isa = PBXBuildFile; fileRef = 91A2F4E424AA00CA00F40EA1 /* AppDelegate.swift */; };
		91A2F4E724AA00CA00F40EA1 /* SceneDelegate.swift in Sources */ = {isa = PBXBuildFile; fileRef = 91A2F4E624AA00CA00F40EA1 /* SceneDelegate.swift */; };
		91A2F4E924AA00CA00F40EA1 /* ViewController.swift in Sources */ = {isa = PBXBuildFile; fileRef = 91A2F4E824AA00CA00F40EA1 /* ViewController.swift */; };
		91A2F4EC24AA00CA00F40EA1 /* Main.storyboard in Resources */ = {isa = PBXBuildFile; fileRef = 91A2F4EA24AA00CA00F40EA1 /* Main.storyboard */; };
		91A2F4EE24AA00CD00F40EA1 /* Assets.xcassets in Resources */ = {isa = PBXBuildFile; fileRef = 91A2F4ED24AA00CD00F40EA1 /* Assets.xcassets */; };
		91A2F4F124AA00CD00F40EA1 /* LaunchScreen.storyboard in Resources */ = {isa = PBXBuildFile; fileRef = 91A2F4EF24AA00CD00F40EA1 /* LaunchScreen.storyboard */; };
/* End PBXBuildFile section */

/* Begin PBXFileReference section */
		060531565D7F3EC62FEAFA7C /* Pods_SomethingWithMVVM.framework */ = {isa = PBXFileReference; explicitFileType = wrapper.framework; includeInIndex = 0; path = Pods_SomethingWithMVVM.framework; sourceTree = BUILT_PRODUCTS_DIR; };
		7412BEEE995BFE18566E2DB5 /* Pods-SomethingWithMVVM.debug.xcconfig */ = {isa = PBXFileReference; includeInIndex = 1; lastKnownFileType = text.xcconfig; name = "Pods-SomethingWithMVVM.debug.xcconfig"; path = "Target Support Files/Pods-SomethingWithMVVM/Pods-SomethingWithMVVM.debug.xcconfig"; sourceTree = "<group>"; };
		914F777024AB85DA00995BFD /* ViewModel.swift */ = {isa = PBXFileReference; lastKnownFileType = sourcecode.swift; path = ViewModel.swift; sourceTree = "<group>"; };
		91A2F4E124AA00CA00F40EA1 /* SomethingWithMVVM.app */ = {isa = PBXFileReference; explicitFileType = wrapper.application; includeInIndex = 0; path = SomethingWithMVVM.app; sourceTree = BUILT_PRODUCTS_DIR; };
		91A2F4E424AA00CA00F40EA1 /* AppDelegate.swift */ = {isa = PBXFileReference; lastKnownFileType = sourcecode.swift; path = AppDelegate.swift; sourceTree = "<group>"; };
		91A2F4E624AA00CA00F40EA1 /* SceneDelegate.swift */ = {isa = PBXFileReference; lastKnownFileType = sourcecode.swift; path = SceneDelegate.swift; sourceTree = "<group>"; };
		91A2F4E824AA00CA00F40EA1 /* ViewController.swift */ = {isa = PBXFileReference; lastKnownFileType = sourcecode.swift; path = ViewController.swift; sourceTree = "<group>"; };
		91A2F4EB24AA00CA00F40EA1 /* Base */ = {isa = PBXFileReference; lastKnownFileType = file.storyboard; name = Base; path = Base.lproj/Main.storyboard; sourceTree = "<group>"; };
		91A2F4ED24AA00CD00F40EA1 /* Assets.xcassets */ = {isa = PBXFileReference; lastKnownFileType = folder.assetcatalog; path = Assets.xcassets; sourceTree = "<group>"; };
		91A2F4F024AA00CD00F40EA1 /* Base */ = {isa = PBXFileReference; lastKnownFileType = file.storyboard; name = Base; path = Base.lproj/LaunchScreen.storyboard; sourceTree = "<group>"; };
		91A2F4F224AA00CD00F40EA1 /* Info.plist */ = {isa = PBXFileReference; lastKnownFileType = text.plist.xml; path = Info.plist; sourceTree = "<group>"; };
		AB1D2F4398975FB4172DE81E /* Pods-SomethingWithMVVM.release.xcconfig */ = {isa = PBXFileReference; includeInIndex = 1; lastKnownFileType = text.xcconfig; name = "Pods-SomethingWithMVVM.release.xcconfig"; path = "Target Support Files/Pods-SomethingWithMVVM/Pods-SomethingWithMVVM.release.xcconfig"; sourceTree = "<group>"; };
/* End PBXFileReference section */

/* Begin PBXFrameworksBuildPhase section */
		91A2F4DE24AA00CA00F40EA1 /* Frameworks */ = {
			isa = PBXFrameworksBuildPhase;
			buildActionMask = 2147483647;
			files = (
				9073043FC8D8100A56315974 /* Pods_SomethingWithMVVM.framework in Frameworks */,
			);
			runOnlyForDeploymentPostprocessing = 0;
		};
/* End PBXFrameworksBuildPhase section */

/* Begin PBXGroup section */
		3A14AD9C66D060B9D0FE2A1B /* Frameworks */ = {
			isa = PBXGroup;
			children = (
				060531565D7F3EC62FEAFA7C /* Pods_SomethingWithMVVM.framework */,
			);
			name = Frameworks;
			sourceTree = "<group>";
		};
		913A7FA624AA6586001A903E /* Controller */ = {
			isa = PBXGroup;
			children = (
				91A2F4E824AA00CA00F40EA1 /* ViewController.swift */,
			);
			path = Controller;
			sourceTree = "<group>";
		};
		913A7FA724AA659A001A903E /* VIew */ = {
			isa = PBXGroup;
			children = (
				91A2F4EA24AA00CA00F40EA1 /* Main.storyboard */,
			);
			path = VIew;
			sourceTree = "<group>";
		};
		9143295324AA442A00E68533 /* Model */ = {
			isa = PBXGroup;
			children = (
			);
			path = Model;
			sourceTree = "<group>";
		};
		9143295424AA443300E68533 /* ViewModel */ = {
			isa = PBXGroup;
			children = (
				914F777024AB85DA00995BFD /* ViewModel.swift */,
			);
			path = ViewModel;
			sourceTree = "<group>";
		};
		91A2F4D824AA00CA00F40EA1 = {
			isa = PBXGroup;
			children = (
				91A2F4E324AA00CA00F40EA1 /* SomethingWithMVVM */,
				91A2F4E224AA00CA00F40EA1 /* Products */,
				C5B9582A725E06584AB277E0 /* Pods */,
				3A14AD9C66D060B9D0FE2A1B /* Frameworks */,
			);
			sourceTree = "<group>";
		};
		91A2F4E224AA00CA00F40EA1 /* Products */ = {
			isa = PBXGroup;
			children = (
				91A2F4E124AA00CA00F40EA1 /* SomethingWithMVVM.app */,
			);
			name = Products;
			sourceTree = "<group>";
		};
		91A2F4E324AA00CA00F40EA1 /* SomethingWithMVVM */ = {
			isa = PBXGroup;
			children = (
				91A2F4E424AA00CA00F40EA1 /* AppDelegate.swift */,
				91A2F4E624AA00CA00F40EA1 /* SceneDelegate.swift */,
				9143295324AA442A00E68533 /* Model */,
				913A7FA724AA659A001A903E /* VIew */,
				9143295424AA443300E68533 /* ViewModel */,
				91A2F4ED24AA00CD00F40EA1 /* Assets.xcassets */,
				91A2F4EF24AA00CD00F40EA1 /* LaunchScreen.storyboard */,
				91A2F4F224AA00CD00F40EA1 /* Info.plist */,
				913A7FA624AA6586001A903E /* Controller */,
			);
			path = SomethingWithMVVM;
			sourceTree = "<group>";
		};
		C5B9582A725E06584AB277E0 /* Pods */ = {
			isa = PBXGroup;
			children = (
				7412BEEE995BFE18566E2DB5 /* Pods-SomethingWithMVVM.debug.xcconfig */,
				AB1D2F4398975FB4172DE81E /* Pods-SomethingWithMVVM.release.xcconfig */,
			);
			path = Pods;
			sourceTree = "<group>";
		};
/* End PBXGroup section */

/* Begin PBXNativeTarget section */
		91A2F4E024AA00CA00F40EA1 /* SomethingWithMVVM */ = {
			isa = PBXNativeTarget;
			buildConfigurationList = 91A2F4F524AA00CD00F40EA1 /* Build configuration list for PBXNativeTarget "SomethingWithMVVM" */;
			buildPhases = (
				E4CDDF78DCB0A6F86A7129AC /* [CP] Check Pods Manifest.lock */,
				91A2F4DD24AA00CA00F40EA1 /* Sources */,
				91A2F4DE24AA00CA00F40EA1 /* Frameworks */,
				91A2F4DF24AA00CA00F40EA1 /* Resources */,
				0FB9361A7155A1BC22A416A4 /* [CP] Embed Pods Frameworks */,
			);
			buildRules = (
			);
			dependencies = (
			);
			name = SomethingWithMVVM;
			productName = SomethingWithMVVM;
			productReference = 91A2F4E124AA00CA00F40EA1 /* SomethingWithMVVM.app */;
			productType = "com.apple.product-type.application";
		};
/* End PBXNativeTarget section */

/* Begin PBXProject section */
		91A2F4D924AA00CA00F40EA1 /* Project object */ = {
			isa = PBXProject;
			attributes = {
				LastSwiftUpdateCheck = 1150;
				LastUpgradeCheck = 1150;
				ORGANIZATIONNAME = "Yasharth Saxena";
				TargetAttributes = {
					91A2F4E024AA00CA00F40EA1 = {
						CreatedOnToolsVersion = 11.5;
					};
				};
			};
			buildConfigurationList = 91A2F4DC24AA00CA00F40EA1 /* Build configuration list for PBXProject "SomethingWithMVVM" */;
			compatibilityVersion = "Xcode 9.3";
			developmentRegion = en;
			hasScannedForEncodings = 0;
			knownRegions = (
				en,
				Base,
			);
			mainGroup = 91A2F4D824AA00CA00F40EA1;
			productRefGroup = 91A2F4E224AA00CA00F40EA1 /* Products */;
			projectDirPath = "";
			projectRoot = "";
			targets = (
				91A2F4E024AA00CA00F40EA1 /* SomethingWithMVVM */,
			);
		};
/* End PBXProject section */

/* Begin PBXResourcesBuildPhase section */
		91A2F4DF24AA00CA00F40EA1 /* Resources */ = {
			isa = PBXResourcesBuildPhase;
			buildActionMask = 2147483647;
			files = (
				91A2F4F124AA00CD00F40EA1 /* LaunchScreen.storyboard in Resources */,
				91A2F4EE24AA00CD00F40EA1 /* Assets.xcassets in Resources */,
				91A2F4EC24AA00CA00F40EA1 /* Main.storyboard in Resources */,
			);
			runOnlyForDeploymentPostprocessing = 0;
		};
/* End PBXResourcesBuildPhase section */

/* Begin PBXShellScriptBuildPhase section */
		0FB9361A7155A1BC22A416A4 /* [CP] Embed Pods Frameworks */ = {
			isa = PBXShellScriptBuildPhase;
			buildActionMask = 2147483647;
			files = (
			);
			inputFileListPaths = (
				"${PODS_ROOT}/Target Support Files/Pods-SomethingWithMVVM/Pods-SomethingWithMVVM-frameworks-${CONFIGURATION}-input-files.xcfilelist",
			);
			name = "[CP] Embed Pods Frameworks";
			outputFileListPaths = (
				"${PODS_ROOT}/Target Support Files/Pods-SomethingWithMVVM/Pods-SomethingWithMVVM-frameworks-${CONFIGURATION}-output-files.xcfilelist",
			);
			runOnlyForDeploymentPostprocessing = 0;
			shellPath = /bin/sh;
			shellScript = "\"${PODS_ROOT}/Target Support Files/Pods-SomethingWithMVVM/Pods-SomethingWithMVVM-frameworks.sh\"\n";
			showEnvVarsInLog = 0;
		};
		E4CDDF78DCB0A6F86A7129AC /* [CP] Check Pods Manifest.lock */ = {
			isa = PBXShellScriptBuildPhase;
			buildActionMask = 2147483647;
			files = (
			);
			inputFileListPaths = (
			);
			inputPaths = (
				"${PODS_PODFILE_DIR_PATH}/Podfile.lock",
				"${PODS_ROOT}/Manifest.lock",
			);
			name = "[CP] Check Pods Manifest.lock";
			outputFileListPaths = (
			);
			outputPaths = (
				"$(DERIVED_FILE_DIR)/Pods-SomethingWithMVVM-checkManifestLockResult.txt",
			);
			runOnlyForDeploymentPostprocessing = 0;
			shellPath = /bin/sh;
			shellScript = "diff \"${PODS_PODFILE_DIR_PATH}/Podfile.lock\" \"${PODS_ROOT}/Manifest.lock\" > /dev/null\nif [ $? != 0 ] ; then\n    # print error to STDERR\n    echo \"error: The sandbox is not in sync with the Podfile.lock. Run 'pod install' or update your CocoaPods installation.\" >&2\n    exit 1\nfi\n# This output is used by Xcode 'outputs' to avoid re-running this script phase.\necho \"SUCCESS\" > \"${SCRIPT_OUTPUT_FILE_0}\"\n";
			showEnvVarsInLog = 0;
		};
/* End PBXShellScriptBuildPhase section */

/* Begin PBXSourcesBuildPhase section */
		91A2F4DD24AA00CA00F40EA1 /* Sources */ = {
			isa = PBXSourcesBuildPhase;
			buildActionMask = 2147483647;
			files = (
				914F777124AB85DA00995BFD /* ViewModel.swift in Sources */,
				91A2F4E924AA00CA00F40EA1 /* ViewController.swift in Sources */,
				91A2F4E524AA00CA00F40EA1 /* AppDelegate.swift in Sources */,
				91A2F4E724AA00CA00F40EA1 /* SceneDelegate.swift in Sources */,
			);
			runOnlyForDeploymentPostprocessing = 0;
		};
/* End PBXSourcesBuildPhase section */

/* Begin PBXVariantGroup section */
		91A2F4EA24AA00CA00F40EA1 /* Main.storyboard */ = {
			isa = PBXVariantGroup;
			children = (
				91A2F4EB24AA00CA00F40EA1 /* Base */,
			);
			name = Main.storyboard;
			sourceTree = "<group>";
		};
		91A2F4EF24AA00CD00F40EA1 /* LaunchScreen.storyboard */ = {
			isa = PBXVariantGroup;
			children = (
				91A2F4F024AA00CD00F40EA1 /* Base */,
			);
			name = LaunchScreen.storyboard;
			sourceTree = "<group>";
		};
/* End PBXVariantGroup section */

/* Begin XCBuildConfiguration section */
		91A2F4F324AA00CD00F40EA1 /* Debug */ = {
			isa = XCBuildConfiguration;
			buildSettings = {
				ALWAYS_SEARCH_USER_PATHS = NO;
				CLANG_ANALYZER_NONNULL = YES;
				CLANG_ANALYZER_NUMBER_OBJECT_CONVERSION = YES_AGGRESSIVE;
				CLANG_CXX_LANGUAGE_STANDARD = "gnu++14";
				CLANG_CXX_LIBRARY = "libc++";
				CLANG_ENABLE_MODULES = YES;
				CLANG_ENABLE_OBJC_ARC = YES;
				CLANG_ENABLE_OBJC_WEAK = YES;
				CLANG_WARN_BLOCK_CAPTURE_AUTORELEASING = YES;
				CLANG_WARN_BOOL_CONVERSION = YES;
				CLANG_WARN_COMMA = YES;
				CLANG_WARN_CONSTANT_CONVERSION = YES;
				CLANG_WARN_DEPRECATED_OBJC_IMPLEMENTATIONS = YES;
				CLANG_WARN_DIRECT_OBJC_ISA_USAGE = YES_ERROR;
				CLANG_WARN_DOCUMENTATION_COMMENTS = YES;
				CLANG_WARN_EMPTY_BODY = YES;
				CLANG_WARN_ENUM_CONVERSION = YES;
				CLANG_WARN_INFINITE_RECURSION = YES;
				CLANG_WARN_INT_CONVERSION = YES;
				CLANG_WARN_NON_LITERAL_NULL_CONVERSION = YES;
				CLANG_WARN_OBJC_IMPLICIT_RETAIN_SELF = YES;
				CLANG_WARN_OBJC_LITERAL_CONVERSION = YES;
				CLANG_WARN_OBJC_ROOT_CLASS = YES_ERROR;
				CLANG_WARN_RANGE_LOOP_ANALYSIS = YES;
				CLANG_WARN_STRICT_PROTOTYPES = YES;
				CLANG_WARN_SUSPICIOUS_MOVE = YES;
				CLANG_WARN_UNGUARDED_AVAILABILITY = YES_AGGRESSIVE;
				CLANG_WARN_UNREACHABLE_CODE = YES;
				CLANG_WARN__DUPLICATE_METHOD_MATCH = YES;
				COPY_PHASE_STRIP = NO;
				DEBUG_INFORMATION_FORMAT = dwarf;
				ENABLE_STRICT_OBJC_MSGSEND = YES;
				ENABLE_TESTABILITY = YES;
				GCC_C_LANGUAGE_STANDARD = gnu11;
				GCC_DYNAMIC_NO_PIC = NO;
				GCC_NO_COMMON_BLOCKS = YES;
				GCC_OPTIMIZATION_LEVEL = 0;
				GCC_PREPROCESSOR_DEFINITIONS = (
					"DEBUG=1",
					"$(inherited)",
				);
				GCC_WARN_64_TO_32_BIT_CONVERSION = YES;
				GCC_WARN_ABOUT_RETURN_TYPE = YES_ERROR;
				GCC_WARN_UNDECLARED_SELECTOR = YES;
				GCC_WARN_UNINITIALIZED_AUTOS = YES_AGGRESSIVE;
				GCC_WARN_UNUSED_FUNCTION = YES;
				GCC_WARN_UNUSED_VARIABLE = YES;
				IPHONEOS_DEPLOYMENT_TARGET = 13.5;
				MTL_ENABLE_DEBUG_INFO = INCLUDE_SOURCE;
				MTL_FAST_MATH = YES;
				ONLY_ACTIVE_ARCH = YES;
				SDKROOT = iphoneos;
				SWIFT_ACTIVE_COMPILATION_CONDITIONS = DEBUG;
				SWIFT_OPTIMIZATION_LEVEL = "-Onone";
			};
			name = Debug;
		};
		91A2F4F424AA00CD00F40EA1 /* Release */ = {
			isa = XCBuildConfiguration;
			buildSettings = {
				ALWAYS_SEARCH_USER_PATHS = NO;
				CLANG_ANALYZER_NONNULL = YES;
				CLANG_ANALYZER_NUMBER_OBJECT_CONVERSION = YES_AGGRESSIVE;
				CLANG_CXX_LANGUAGE_STANDARD = "gnu++14";
				CLANG_CXX_LIBRARY = "libc++";
				CLANG_ENABLE_MODULES = YES;
				CLANG_ENABLE_OBJC_ARC = YES;
				CLANG_ENABLE_OBJC_WEAK = YES;
				CLANG_WARN_BLOCK_CAPTURE_AUTORELEASING = YES;
				CLANG_WARN_BOOL_CONVERSION = YES;
				CLANG_WARN_COMMA = YES;
				CLANG_WARN_CONSTANT_CONVERSION = YES;
				CLANG_WARN_DEPRECATED_OBJC_IMPLEMENTATIONS = YES;
				CLANG_WARN_DIRECT_OBJC_ISA_USAGE = YES_ERROR;
				CLANG_WARN_DOCUMENTATION_COMMENTS = YES;
				CLANG_WARN_EMPTY_BODY = YES;
				CLANG_WARN_ENUM_CONVERSION = YES;
				CLANG_WARN_INFINITE_RECURSION = YES;
				CLANG_WARN_INT_CONVERSION = YES;
				CLANG_WARN_NON_LITERAL_NULL_CONVERSION = YES;
				CLANG_WARN_OBJC_IMPLICIT_RETAIN_SELF = YES;
				CLANG_WARN_OBJC_LITERAL_CONVERSION = YES;
				CLANG_WARN_OBJC_ROOT_CLASS = YES_ERROR;
				CLANG_WARN_RANGE_LOOP_ANALYSIS = YES;
				CLANG_WARN_STRICT_PROTOTYPES = YES;
				CLANG_WARN_SUSPICIOUS_MOVE = YES;
				CLANG_WARN_UNGUARDED_AVAILABILITY = YES_AGGRESSIVE;
				CLANG_WARN_UNREACHABLE_CODE = YES;
				CLANG_WARN__DUPLICATE_METHOD_MATCH = YES;
				COPY_PHASE_STRIP = NO;
				DEBUG_INFORMATION_FORMAT = "dwarf-with-dsym";
				ENABLE_NS_ASSERTIONS = NO;
				ENABLE_STRICT_OBJC_MSGSEND = YES;
				GCC_C_LANGUAGE_STANDARD = gnu11;
				GCC_NO_COMMON_BLOCKS = YES;
				GCC_WARN_64_TO_32_BIT_CONVERSION = YES;
				GCC_WARN_ABOUT_RETURN_TYPE = YES_ERROR;
				GCC_WARN_UNDECLARED_SELECTOR = YES;
				GCC_WARN_UNINITIALIZED_AUTOS = YES_AGGRESSIVE;
				GCC_WARN_UNUSED_FUNCTION = YES;
				GCC_WARN_UNUSED_VARIABLE = YES;
				IPHONEOS_DEPLOYMENT_TARGET = 13.5;
				MTL_ENABLE_DEBUG_INFO = NO;
				MTL_FAST_MATH = YES;
				SDKROOT = iphoneos;
				SWIFT_COMPILATION_MODE = wholemodule;
				SWIFT_OPTIMIZATION_LEVEL = "-O";
				VALIDATE_PRODUCT = YES;
			};
			name = Release;
		};
		91A2F4F624AA00CD00F40EA1 /* Debug */ = {
			isa = XCBuildConfiguration;
			baseConfigurationReference = 7412BEEE995BFE18566E2DB5 /* Pods-SomethingWithMVVM.debug.xcconfig */;
			buildSettings = {
				ASSETCATALOG_COMPILER_APPICON_NAME = AppIcon;
				CODE_SIGN_STYLE = Automatic;
				INFOPLIST_FILE = SomethingWithMVVM/Info.plist;
				LD_RUNPATH_SEARCH_PATHS = (
					"$(inherited)",
					"@executable_path/Frameworks",
				);
				PRODUCT_BUNDLE_IDENTIFIER = com.yasharth.SomethingWithMVVM;
				PRODUCT_NAME = "$(TARGET_NAME)";
				SWIFT_VERSION = 5.0;
				TARGETED_DEVICE_FAMILY = "1,2";
			};
			name = Debug;
		};
		91A2F4F724AA00CD00F40EA1 /* Release */ = {
			isa = XCBuildConfiguration;
			baseConfigurationReference = AB1D2F4398975FB4172DE81E /* Pods-SomethingWithMVVM.release.xcconfig */;
			buildSettings = {
				ASSETCATALOG_COMPILER_APPICON_NAME = AppIcon;
				CODE_SIGN_STYLE = Automatic;
				INFOPLIST_FILE = SomethingWithMVVM/Info.plist;
				LD_RUNPATH_SEARCH_PATHS = (
					"$(inherited)",
					"@executable_path/Frameworks",
				);
				PRODUCT_BUNDLE_IDENTIFIER = com.yasharth.SomethingWithMVVM;
				PRODUCT_NAME = "$(TARGET_NAME)";
				SWIFT_VERSION = 5.0;
				TARGETED_DEVICE_FAMILY = "1,2";
			};
			name = Release;
		};
/* End XCBuildConfiguration section */

/* Begin XCConfigurationList section */
		91A2F4DC24AA00CA00F40EA1 /* Build configuration list for PBXProject "SomethingWithMVVM" */ = {
			isa = XCConfigurationList;
			buildConfigurations = (
				91A2F4F324AA00CD00F40EA1 /* Debug */,
				91A2F4F424AA00CD00F40EA1 /* Release */,
			);
			defaultConfigurationIsVisible = 0;
			defaultConfigurationName = Release;
		};
		91A2F4F524AA00CD00F40EA1 /* Build configuration list for PBXNativeTarget "SomethingWithMVVM" */ = {
			isa = XCConfigurationList;
			buildConfigurations = (
				91A2F4F624AA00CD00F40EA1 /* Debug */,
				91A2F4F724AA00CD00F40EA1 /* Release */,
			);
			defaultConfigurationIsVisible = 0;
			defaultConfigurationName = Release;
		};
/* End XCConfigurationList section */
	};
	rootObject = 91A2F4D924AA00CA00F40EA1 /* Project object */;
}
