// !$*UTF8*$!
{
	archiveVersion = 1;
	classes = {
	};
	objectVersion = 50;
	objects = {

/* Begin PBXBuildFile section */
		910F823C24A35D54000B2A88 /* AppDelegate.swift in Sources */ = {isa = PBXBuildFile; fileRef = 910F823B24A35D54000B2A88 /* AppDelegate.swift */; };
		910F823E24A35D54000B2A88 /* SceneDelegate.swift in Sources */ = {isa = PBXBuildFile; fileRef = 910F823D24A35D54000B2A88 /* SceneDelegate.swift */; };
		910F824024A35D54000B2A88 /* ViewController.swift in Sources */ = {isa = PBXBuildFile; fileRef = 910F823F24A35D54000B2A88 /* ViewController.swift */; };
		910F824324A35D54000B2A88 /* Main.storyboard in Resources */ = {isa = PBXBuildFile; fileRef = 910F824124A35D54000B2A88 /* Main.storyboard */; };
		910F824524A35D56000B2A88 /* Assets.xcassets in Resources */ = {isa = PBXBuildFile; fileRef = 910F824424A35D56000B2A88 /* Assets.xcassets */; };
		910F824824A35D56000B2A88 /* LaunchScreen.storyboard in Resources */ = {isa = PBXBuildFile; fileRef = 910F824624A35D56000B2A88 /* LaunchScreen.storyboard */; };
/* End PBXBuildFile section */

/* Begin PBXFileReference section */
		910F823824A35D54000B2A88 /* ProgrammaticUI.app */ = {isa = PBXFileReference; explicitFileType = wrapper.application; includeInIndex = 0; path = ProgrammaticUI.app; sourceTree = BUILT_PRODUCTS_DIR; };
		910F823B24A35D54000B2A88 /* AppDelegate.swift */ = {isa = PBXFileReference; lastKnownFileType = sourcecode.swift; path = AppDelegate.swift; sourceTree = "<group>"; };
		910F823D24A35D54000B2A88 /* SceneDelegate.swift */ = {isa = PBXFileReference; lastKnownFileType = sourcecode.swift; path = SceneDelegate.swift; sourceTree = "<group>"; };
		910F823F24A35D54000B2A88 /* ViewController.swift */ = {isa = PBXFileReference; lastKnownFileType = sourcecode.swift; path = ViewController.swift; sourceTree = "<group>"; };
		910F824224A35D54000B2A88 /* Base */ = {isa = PBXFileReference; lastKnownFileType = file.storyboard; name = Base; path = Base.lproj/Main.storyboard; sourceTree = "<group>"; };
		910F824424A35D56000B2A88 /* Assets.xcassets */ = {isa = PBXFileReference; lastKnownFileType = folder.assetcatalog; path = Assets.xcassets; sourceTree = "<group>"; };
		910F824724A35D56000B2A88 /* Base */ = {isa = PBXFileReference; lastKnownFileType = file.storyboard; name = Base; path = Base.lproj/LaunchScreen.storyboard; sourceTree = "<group>"; };
		910F824924A35D56000B2A88 /* Info.plist */ = {isa = PBXFileReference; lastKnownFileType = text.plist.xml; path = Info.plist; sourceTree = "<group>"; };
/* End PBXFileReference section */

/* Begin PBXFrameworksBuildPhase section */
		910F823524A35D54000B2A88 /* Frameworks */ = {
			isa = PBXFrameworksBuildPhase;
			buildActionMask = 2147483647;
			files = (
			);
			runOnlyForDeploymentPostprocessing = 0;
		};
/* End PBXFrameworksBuildPhase section */

/* Begin PBXGroup section */
		910F822F24A35D54000B2A88 = {
			isa = PBXGroup;
			children = (
				910F823A24A35D54000B2A88 /* ProgrammaticUI */,
				910F823924A35D54000B2A88 /* Products */,
			);
			sourceTree = "<group>";
		};
		910F823924A35D54000B2A88 /* Products */ = {
			isa = PBXGroup;
			children = (
				910F823824A35D54000B2A88 /* ProgrammaticUI.app */,
			);
			name = Products;
			sourceTree = "<group>";
		};
		910F823A24A35D54000B2A88 /* ProgrammaticUI */ = {
			isa = PBXGroup;
			children = (
				910F823B24A35D54000B2A88 /* AppDelegate.swift */,
				910F823D24A35D54000B2A88 /* SceneDelegate.swift */,
				910F823F24A35D54000B2A88 /* ViewController.swift */,
				910F824124A35D54000B2A88 /* Main.storyboard */,
				910F824424A35D56000B2A88 /* Assets.xcassets */,
				910F824624A35D56000B2A88 /* LaunchScreen.storyboard */,
				910F824924A35D56000B2A88 /* Info.plist */,
			);
			path = ProgrammaticUI;
			sourceTree = "<group>";
		};
/* End PBXGroup section */

/* Begin PBXNativeTarget section */
		910F823724A35D54000B2A88 /* ProgrammaticUI */ = {
			isa = PBXNativeTarget;
			buildConfigurationList = 910F824C24A35D56000B2A88 /* Build configuration list for PBXNativeTarget "ProgrammaticUI" */;
			buildPhases = (
				910F823424A35D54000B2A88 /* Sources */,
				910F823524A35D54000B2A88 /* Frameworks */,
				910F823624A35D54000B2A88 /* Resources */,
			);
			buildRules = (
			);
			dependencies = (
			);
			name = ProgrammaticUI;
			productName = ProgrammaticUI;
			productReference = 910F823824A35D54000B2A88 /* ProgrammaticUI.app */;
			productType = "com.apple.product-type.application";
		};
/* End PBXNativeTarget section */

/* Begin PBXProject section */
		910F823024A35D54000B2A88 /* Project object */ = {
			isa = PBXProject;
			attributes = {
				LastSwiftUpdateCheck = 1150;
				LastUpgradeCheck = 1150;
				ORGANIZATIONNAME = "Yasharth Saxena";
				TargetAttributes = {
					910F823724A35D54000B2A88 = {
						CreatedOnToolsVersion = 11.5;
					};
				};
			};
			buildConfigurationList = 910F823324A35D54000B2A88 /* Build configuration list for PBXProject "ProgrammaticUI" */;
			compatibilityVersion = "Xcode 9.3";
			developmentRegion = en;
			hasScannedForEncodings = 0;
			knownRegions = (
				en,
				Base,
			);
			mainGroup = 910F822F24A35D54000B2A88;
			productRefGroup = 910F823924A35D54000B2A88 /* Products */;
			projectDirPath = "";
			projectRoot = "";
			targets = (
				910F823724A35D54000B2A88 /* ProgrammaticUI */,
			);
		};
/* End PBXProject section */

/* Begin PBXResourcesBuildPhase section */
		910F823624A35D54000B2A88 /* Resources */ = {
			isa = PBXResourcesBuildPhase;
			buildActionMask = 2147483647;
			files = (
				910F824824A35D56000B2A88 /* LaunchScreen.storyboard in Resources */,
				910F824524A35D56000B2A88 /* Assets.xcassets in Resources */,
				910F824324A35D54000B2A88 /* Main.storyboard in Resources */,
			);
			runOnlyForDeploymentPostprocessing = 0;
		};
/* End PBXResourcesBuildPhase section */

/* Begin PBXSourcesBuildPhase section */
		910F823424A35D54000B2A88 /* Sources */ = {
			isa = PBXSourcesBuildPhase;
			buildActionMask = 2147483647;
			files = (
				910F824024A35D54000B2A88 /* ViewController.swift in Sources */,
				910F823C24A35D54000B2A88 /* AppDelegate.swift in Sources */,
				910F823E24A35D54000B2A88 /* SceneDelegate.swift in Sources */,
			);
			runOnlyForDeploymentPostprocessing = 0;
		};
/* End PBXSourcesBuildPhase section */

/* Begin PBXVariantGroup section */
		910F824124A35D54000B2A88 /* Main.storyboard */ = {
			isa = PBXVariantGroup;
			children = (
				910F824224A35D54000B2A88 /* Base */,
			);
			name = Main.storyboard;
			sourceTree = "<group>";
		};
		910F824624A35D56000B2A88 /* LaunchScreen.storyboard */ = {
			isa = PBXVariantGroup;
			children = (
				910F824724A35D56000B2A88 /* Base */,
			);
			name = LaunchScreen.storyboard;
			sourceTree = "<group>";
		};
/* End PBXVariantGroup section */

/* Begin XCBuildConfiguration section */
		910F824A24A35D56000B2A88 /* Debug */ = {
			isa = XCBuildConfiguration;
			buildSettings = {
				ALWAYS_SEARCH_USER_PATHS = NO;
				CLANG_ANALYZER_NONNULL = YES;
				CLANG_ANALYZER_NUMBER_OBJECT_CONVERSION = YES_AGGRESSIVE;
				CLANG_CXX_LANGUAGE_STANDARD = "gnu++14";
				CLANG_CXX_LIBRARY = "libc++";
				CLANG_ENABLE_MODULES = YES;
				CLANG_ENABLE_OBJC_ARC = YES;
				CLANG_ENABLE_OBJC_WEAK = YES;
				CLANG_WARN_BLOCK_CAPTURE_AUTORELEASING = YES;
				CLANG_WARN_BOOL_CONVERSION = YES;
				CLANG_WARN_COMMA = YES;
				CLANG_WARN_CONSTANT_CONVERSION = YES;
				CLANG_WARN_DEPRECATED_OBJC_IMPLEMENTATIONS = YES;
				CLANG_WARN_DIRECT_OBJC_ISA_USAGE = YES_ERROR;
				CLANG_WARN_DOCUMENTATION_COMMENTS = YES;
				CLANG_WARN_EMPTY_BODY = YES;
				CLANG_WARN_ENUM_CONVERSION = YES;
				CLANG_WARN_INFINITE_RECURSION = YES;
				CLANG_WARN_INT_CONVERSION = YES;
				CLANG_WARN_NON_LITERAL_NULL_CONVERSION = YES;
				CLANG_WARN_OBJC_IMPLICIT_RETAIN_SELF = YES;
				CLANG_WARN_OBJC_LITERAL_CONVERSION = YES;
				CLANG_WARN_OBJC_ROOT_CLASS = YES_ERROR;
				CLANG_WARN_RANGE_LOOP_ANALYSIS = YES;
				CLANG_WARN_STRICT_PROTOTYPES = YES;
				CLANG_WARN_SUSPICIOUS_MOVE = YES;
				CLANG_WARN_UNGUARDED_AVAILABILITY = YES_AGGRESSIVE;
				CLANG_WARN_UNREACHABLE_CODE = YES;
				CLANG_WARN__DUPLICATE_METHOD_MATCH = YES;
				COPY_PHASE_STRIP = NO;
				DEBUG_INFORMATION_FORMAT = dwarf;
				ENABLE_STRICT_OBJC_MSGSEND = YES;
				ENABLE_TESTABILITY = YES;
				GCC_C_LANGUAGE_STANDARD = gnu11;
				GCC_DYNAMIC_NO_PIC = NO;
				GCC_NO_COMMON_BLOCKS = YES;
				GCC_OPTIMIZATION_LEVEL = 0;
				GCC_PREPROCESSOR_DEFINITIONS = (
					"DEBUG=1",
					"$(inherited)",
				);
				GCC_WARN_64_TO_32_BIT_CONVERSION = YES;
				GCC_WARN_ABOUT_RETURN_TYPE = YES_ERROR;
				GCC_WARN_UNDECLARED_SELECTOR = YES;
				GCC_WARN_UNINITIALIZED_AUTOS = YES_AGGRESSIVE;
				GCC_WARN_UNUSED_FUNCTION = YES;
				GCC_WARN_UNUSED_VARIABLE = YES;
				IPHONEOS_DEPLOYMENT_TARGET = 13.5;
				MTL_ENABLE_DEBUG_INFO = INCLUDE_SOURCE;
				MTL_FAST_MATH = YES;
				ONLY_ACTIVE_ARCH = YES;
				SDKROOT = iphoneos;
				SWIFT_ACTIVE_COMPILATION_CONDITIONS = DEBUG;
				SWIFT_OPTIMIZATION_LEVEL = "-Onone";
			};
			name = Debug;
		};
		910F824B24A35D56000B2A88 /* Release */ = {
			isa = XCBuildConfiguration;
			buildSettings = {
				ALWAYS_SEARCH_USER_PATHS = NO;
				CLANG_ANALYZER_NONNULL = YES;
				CLANG_ANALYZER_NUMBER_OBJECT_CONVERSION = YES_AGGRESSIVE;
				CLANG_CXX_LANGUAGE_STANDARD = "gnu++14";
				CLANG_CXX_LIBRARY = "libc++";
				CLANG_ENABLE_MODULES = YES;
				CLANG_ENABLE_OBJC_ARC = YES;
				CLANG_ENABLE_OBJC_WEAK = YES;
				CLANG_WARN_BLOCK_CAPTURE_AUTORELEASING = YES;
				CLANG_WARN_BOOL_CONVERSION = YES;
				CLANG_WARN_COMMA = YES;
				CLANG_WARN_CONSTANT_CONVERSION = YES;
				CLANG_WARN_DEPRECATED_OBJC_IMPLEMENTATIONS = YES;
				CLANG_WARN_DIRECT_OBJC_ISA_USAGE = YES_ERROR;
				CLANG_WARN_DOCUMENTATION_COMMENTS = YES;
				CLANG_WARN_EMPTY_BODY = YES;
				CLANG_WARN_ENUM_CONVERSION = YES;
				CLANG_WARN_INFINITE_RECURSION = YES;
				CLANG_WARN_INT_CONVERSION = YES;
				CLANG_WARN_NON_LITERAL_NULL_CONVERSION = YES;
				CLANG_WARN_OBJC_IMPLICIT_RETAIN_SELF = YES;
				CLANG_WARN_OBJC_LITERAL_CONVERSION = YES;
				CLANG_WARN_OBJC_ROOT_CLASS = YES_ERROR;
				CLANG_WARN_RANGE_LOOP_ANALYSIS = YES;
				CLANG_WARN_STRICT_PROTOTYPES = YES;
				CLANG_WARN_SUSPICIOUS_MOVE = YES;
				CLANG_WARN_UNGUARDED_AVAILABILITY = YES_AGGRESSIVE;
				CLANG_WARN_UNREACHABLE_CODE = YES;
				CLANG_WARN__DUPLICATE_METHOD_MATCH = YES;
				COPY_PHASE_STRIP = NO;
				DEBUG_INFORMATION_FORMAT = "dwarf-with-dsym";
				ENABLE_NS_ASSERTIONS = NO;
				ENABLE_STRICT_OBJC_MSGSEND = YES;
				GCC_C_LANGUAGE_STANDARD = gnu11;
				GCC_NO_COMMON_BLOCKS = YES;
				GCC_WARN_64_TO_32_BIT_CONVERSION = YES;
				GCC_WARN_ABOUT_RETURN_TYPE = YES_ERROR;
				GCC_WARN_UNDECLARED_SELECTOR = YES;
				GCC_WARN_UNINITIALIZED_AUTOS = YES_AGGRESSIVE;
				GCC_WARN_UNUSED_FUNCTION = YES;
				GCC_WARN_UNUSED_VARIABLE = YES;
				IPHONEOS_DEPLOYMENT_TARGET = 13.5;
				MTL_ENABLE_DEBUG_INFO = NO;
				MTL_FAST_MATH = YES;
				SDKROOT = iphoneos;
				SWIFT_COMPILATION_MODE = wholemodule;
				SWIFT_OPTIMIZATION_LEVEL = "-O";
				VALIDATE_PRODUCT = YES;
			};
			name = Release;
		};
		910F824D24A35D56000B2A88 /* Debug */ = {
			isa = XCBuildConfiguration;
			buildSettings = {
				ASSETCATALOG_COMPILER_APPICON_NAME = AppIcon;
				CODE_SIGN_STYLE = Automatic;
				INFOPLIST_FILE = ProgrammaticUI/Info.plist;
				LD_RUNPATH_SEARCH_PATHS = (
					"$(inherited)",
					"@executable_path/Frameworks",
				);
				PRODUCT_BUNDLE_IDENTIFIER = com.yasharth.ProgrammaticUI;
				PRODUCT_NAME = "$(TARGET_NAME)";
				SWIFT_VERSION = 5.0;
				TARGETED_DEVICE_FAMILY = "1,2";
			};
			name = Debug;
		};
		910F824E24A35D56000B2A88 /* Release */ = {
			isa = XCBuildConfiguration;
			buildSettings = {
				ASSETCATALOG_COMPILER_APPICON_NAME = AppIcon;
				CODE_SIGN_STYLE = Automatic;
				INFOPLIST_FILE = ProgrammaticUI/Info.plist;
				LD_RUNPATH_SEARCH_PATHS = (
					"$(inherited)",
					"@executable_path/Frameworks",
				);
				PRODUCT_BUNDLE_IDENTIFIER = com.yasharth.ProgrammaticUI;
				PRODUCT_NAME = "$(TARGET_NAME)";
				SWIFT_VERSION = 5.0;
				TARGETED_DEVICE_FAMILY = "1,2";
			};
			name = Release;
		};
/* End XCBuildConfiguration section */

/* Begin XCConfigurationList section */
		910F823324A35D54000B2A88 /* Build configuration list for PBXProject "ProgrammaticUI" */ = {
			isa = XCConfigurationList;
			buildConfigurations = (
				910F824A24A35D56000B2A88 /* Debug */,
				910F824B24A35D56000B2A88 /* Release */,
			);
			defaultConfigurationIsVisible = 0;
			defaultConfigurationName = Release;
		};
		910F824C24A35D56000B2A88 /* Build configuration list for PBXNativeTarget "ProgrammaticUI" */ = {
			isa = XCConfigurationList;
			buildConfigurations = (
				910F824D24A35D56000B2A88 /* Debug */,
				910F824E24A35D56000B2A88 /* Release */,
			);
			defaultConfigurationIsVisible = 0;
			defaultConfigurationName = Release;
		};
/* End XCConfigurationList section */
	};
	rootObject = 910F823024A35D54000B2A88 /* Project object */;
}
